
Microsoft Visual Studio Solution File, Format Version 11.00
# Visual Studio 2010
Project("{FAE04EC0-301F-11D3-BF4B-00C04F79EFBC}") = "Assembly-CSharp", "Assembly-CSharp.csproj", "{ca56d6a3-baad-c2df-b0b7-95a9cb68b8b4}"
EndProject
Project("{FAE04EC0-301F-11D3-BF4B-00C04F79EFBC}") = "Assembly-CSharp-Editor", "Assembly-CSharp-Editor.csproj", "{110bfbb7-a09f-2636-c311-ff1af2f991f6}"
EndProject
Global
	GlobalSection(SolutionConfigurationPlatforms) = preSolution
		Debug|Any CPU = Debug|Any CPU
	EndGlobalSection
	GlobalSection(ProjectConfigurationPlatforms) = postSolution
		{ca56d6a3-baad-c2df-b0b7-95a9cb68b8b4}.Debug|Any CPU.ActiveCfg = Debug|Any CPU
		{ca56d6a3-baad-c2df-b0b7-95a9cb68b8b4}.Debug|Any CPU.Build.0 = Debug|Any CPU
		{110bfbb7-a09f-2636-c311-ff1af2f991f6}.Debug|Any CPU.ActiveCfg = Debug|Any CPU
		{110bfbb7-a09f-2636-c311-ff1af2f991f6}.Debug|Any CPU.Build.0 = Debug|Any CPU
	EndGlobalSection
	GlobalSection(SolutionProperties) = preSolution
		HideSolutionNode = FALSE
	EndGlobalSection
EndGlobal
